# This file is autogenerated, do not edit; changes may be undone by the next 'dep ensure'.


[[projects]]
  digest = "1:e62657cca9badaa308d86e7716083e4c5933bb78e30a17743fc67f50be26f6f4"
  name = "github.com/gorilla/websocket"
  packages = ["."]
  pruneopts = "UT"
  revision = "c3e18be99d19e6b3e8f1559eea2c161a665c4b6b"
  version = "v1.4.1"

[[projects]]
  digest = "1:31e761d97c76151dde79e9d28964a812c46efc5baee4085b86f68f0c654450de"
  name = "github.com/konsorten/go-windows-terminal-sequences"
  packages = ["."]
  pruneopts = "UT"
  revision = "f55edac94c9bbba5d6182a4be46d86a2c9b5b50e"
  version = "v1.0.2"

[[projects]]
  digest = "1:82066ec163e8483ebbe58a18ac09b528a38ea8f68ca72a7485281ff26203962b"
  name = "github.com/mtfelian/golang-socketio"
  packages = [
    ".",
    "examples/model",
    "logging",
    "protocol",
    "transport",
  ]
  pruneopts = "UT"
  revision = "2c7ae5b8718a267a1701f925765c95a4b8eb1810"
  version = "v1.5.2"

[[projects]]
  digest = "1:639be2afc2e31fbf844e9144b2a9c63c79196ea857e37c3811f9357143f0727f"
  name = "github.com/mtfelian/synced"
  packages = ["."]
  pruneopts = "UT"
  revision = "99bc5c19bf9d408dd1bddddd908abca4b88842d6"
  version = "v1.0.0"

[[projects]]
  digest = "1:04457f9f6f3ffc5fea48e71d62f2ca256637dee0a04d710288e27e05c8b41976"
  name = "github.com/sirupsen/logrus"
  packages = ["."]
  pruneopts = "UT"
  revision = "839c75faf7f98a33d445d181f3018b5c3409a45e"
  version = "v1.4.2"

[[projects]]
  branch = "master"
  digest = "1:72b7c210f8cfe1431d2f300fbf37f25e52aa77324b05ab6b698483054033803e"
  name = "golang.org/x/sys"
  packages = ["unix"]
  pruneopts = "UT"
  revision = "d101bd2416d505c0448a6ce8a282482678040a89"

[solve-meta]
  analyzer-name = "dep"
  analyzer-version = 1
  input-imports = [
    "github.com/gorilla/websocket",
    "github.com/mtfelian/golang-socketio",
    "github.com/mtfelian/golang-socketio/examples/model",
    "github.com/mtfelian/golang-socketio/logging",
    "github.com/mtfelian/golang-socketio/protocol",
    "github.com/mtfelian/golang-socketio/transport",
    "github.com/mtfelian/synced",
    "github.com/sirupsen/logrus",
  ]
  solver-name = "gps-cdcl"
  solver-version = 1
